// !$*UTF8*$!
{
	archiveVersion = 1;
	classes = {
	};
	objectVersion = 51;
	objects = {

/* Begin PBXBuildFile section */
		2890584DF8E4E8E12F24EF3D /* Pods_EngineerTinder.framework in Frameworks */ = {isa = PBXBuildFile; fileRef = 7D2FD9C745251590C8011652 /* Pods_EngineerTinder.framework */; };
		883016D126DFBB06001D73A7 /* LogInViewController.swift in Sources */ = {isa = PBXBuildFile; fileRef = 883016D026DFBB06001D73A7 /* LogInViewController.swift */; };
		883016D426DFBC39001D73A7 /* LogInTextField.swift in Sources */ = {isa = PBXBuildFile; fileRef = 883016D326DFBC39001D73A7 /* LogInTextField.swift */; };
		883016D626DFBC50001D73A7 /* LogInTitleLabel.swift in Sources */ = {isa = PBXBuildFile; fileRef = 883016D526DFBC4F001D73A7 /* LogInTitleLabel.swift */; };
		883016D826DFBC66001D73A7 /* LogInButton.swift in Sources */ = {isa = PBXBuildFile; fileRef = 883016D726DFBC66001D73A7 /* LogInButton.swift */; };
		883016DA26DFBFDB001D73A7 /* UIColor-Extension.swift in Sources */ = {isa = PBXBuildFile; fileRef = 883016D926DFBFDB001D73A7 /* UIColor-Extension.swift */; };
		883016DD26DFC327001D73A7 /* UIView-Extension.swift in Sources */ = {isa = PBXBuildFile; fileRef = 883016DC26DFC327001D73A7 /* UIView-Extension.swift */; };
		8834739C26E107F8003EC608 /* LogInViewModel.swift in Sources */ = {isa = PBXBuildFile; fileRef = 8834739B26E107F8003EC608 /* LogInViewModel.swift */; };
		8834739F26E111F3003EC608 /* File.swift in Sources */ = {isa = PBXBuildFile; fileRef = 8834739E26E111F3003EC608 /* File.swift */; };
		8865E14826DE8000006697BF /* AppDelegate.swift in Sources */ = {isa = PBXBuildFile; fileRef = 8865E14726DE8000006697BF /* AppDelegate.swift */; };
		8865E14A26DE8000006697BF /* SceneDelegate.swift in Sources */ = {isa = PBXBuildFile; fileRef = 8865E14926DE8000006697BF /* SceneDelegate.swift */; };
		8865E14C26DE8000006697BF /* ViewController.swift in Sources */ = {isa = PBXBuildFile; fileRef = 8865E14B26DE8000006697BF /* ViewController.swift */; };
		8865E14F26DE8000006697BF /* Main.storyboard in Resources */ = {isa = PBXBuildFile; fileRef = 8865E14D26DE8000006697BF /* Main.storyboard */; };
		8865E15126DE8001006697BF /* Assets.xcassets in Resources */ = {isa = PBXBuildFile; fileRef = 8865E15026DE8001006697BF /* Assets.xcassets */; };
		8865E15426DE8001006697BF /* LaunchScreen.storyboard in Resources */ = {isa = PBXBuildFile; fileRef = 8865E15226DE8001006697BF /* LaunchScreen.storyboard */; };
/* End PBXBuildFile section */

/* Begin PBXFileReference section */
		29B349B496BFD45CB76BB87F /* Pods-EngineerTinder.release.xcconfig */ = {isa = PBXFileReference; includeInIndex = 1; lastKnownFileType = text.xcconfig; name = "Pods-EngineerTinder.release.xcconfig"; path = "Target Support Files/Pods-EngineerTinder/Pods-EngineerTinder.release.xcconfig"; sourceTree = "<group>"; };
		7D2FD9C745251590C8011652 /* Pods_EngineerTinder.framework */ = {isa = PBXFileReference; explicitFileType = wrapper.framework; includeInIndex = 0; path = Pods_EngineerTinder.framework; sourceTree = BUILT_PRODUCTS_DIR; };
		883016D026DFBB06001D73A7 /* LogInViewController.swift */ = {isa = PBXFileReference; lastKnownFileType = sourcecode.swift; path = LogInViewController.swift; sourceTree = "<group>"; };
		883016D326DFBC39001D73A7 /* LogInTextField.swift */ = {isa = PBXFileReference; lastKnownFileType = sourcecode.swift; path = LogInTextField.swift; sourceTree = "<group>"; };
		883016D526DFBC4F001D73A7 /* LogInTitleLabel.swift */ = {isa = PBXFileReference; lastKnownFileType = sourcecode.swift; path = LogInTitleLabel.swift; sourceTree = "<group>"; };
		883016D726DFBC66001D73A7 /* LogInButton.swift */ = {isa = PBXFileReference; lastKnownFileType = sourcecode.swift; path = LogInButton.swift; sourceTree = "<group>"; };
		883016D926DFBFDB001D73A7 /* UIColor-Extension.swift */ = {isa = PBXFileReference; lastKnownFileType = sourcecode.swift; path = "UIColor-Extension.swift"; sourceTree = "<group>"; };
		883016DC26DFC327001D73A7 /* UIView-Extension.swift */ = {isa = PBXFileReference; lastKnownFileType = sourcecode.swift; path = "UIView-Extension.swift"; sourceTree = "<group>"; };
		8834739B26E107F8003EC608 /* LogInViewModel.swift */ = {isa = PBXFileReference; lastKnownFileType = sourcecode.swift; path = LogInViewModel.swift; sourceTree = "<group>"; };
		8834739E26E111F3003EC608 /* File.swift */ = {isa = PBXFileReference; lastKnownFileType = sourcecode.swift; path = File.swift; sourceTree = "<group>"; };
		8865E14426DE8000006697BF /* EngineerTinder.app */ = {isa = PBXFileReference; explicitFileType = wrapper.application; includeInIndex = 0; path = EngineerTinder.app; sourceTree = BUILT_PRODUCTS_DIR; };
		8865E14726DE8000006697BF /* AppDelegate.swift */ = {isa = PBXFileReference; lastKnownFileType = sourcecode.swift; path = AppDelegate.swift; sourceTree = "<group>"; };
		8865E14926DE8000006697BF /* SceneDelegate.swift */ = {isa = PBXFileReference; lastKnownFileType = sourcecode.swift; path = SceneDelegate.swift; sourceTree = "<group>"; };
		8865E14B26DE8000006697BF /* ViewController.swift */ = {isa = PBXFileReference; lastKnownFileType = sourcecode.swift; path = ViewController.swift; sourceTree = "<group>"; };
		8865E14E26DE8000006697BF /* Base */ = {isa = PBXFileReference; lastKnownFileType = file.storyboard; name = Base; path = Base.lproj/Main.storyboard; sourceTree = "<group>"; };
		8865E15026DE8001006697BF /* Assets.xcassets */ = {isa = PBXFileReference; lastKnownFileType = folder.assetcatalog; path = Assets.xcassets; sourceTree = "<group>"; };
		8865E15326DE8001006697BF /* Base */ = {isa = PBXFileReference; lastKnownFileType = file.storyboard; name = Base; path = Base.lproj/LaunchScreen.storyboard; sourceTree = "<group>"; };
		8865E15526DE8001006697BF /* Info.plist */ = {isa = PBXFileReference; lastKnownFileType = text.plist.xml; path = Info.plist; sourceTree = "<group>"; };
		CB96FE2BF0C765DEF4715BFC /* Pods-EngineerTinder.debug.xcconfig */ = {isa = PBXFileReference; includeInIndex = 1; lastKnownFileType = text.xcconfig; name = "Pods-EngineerTinder.debug.xcconfig"; path = "Target Support Files/Pods-EngineerTinder/Pods-EngineerTinder.debug.xcconfig"; sourceTree = "<group>"; };
/* End PBXFileReference section */

/* Begin PBXFrameworksBuildPhase section */
		8865E14126DE8000006697BF /* Frameworks */ = {
			isa = PBXFrameworksBuildPhase;
			buildActionMask = 2147483647;
			files = (
				2890584DF8E4E8E12F24EF3D /* Pods_EngineerTinder.framework in Frameworks */,
			);
			runOnlyForDeploymentPostprocessing = 0;
		};
/* End PBXFrameworksBuildPhase section */

/* Begin PBXGroup section */
		0CB93613F400FE07F55972D6 /* Pods */ = {
			isa = PBXGroup;
			children = (
				CB96FE2BF0C765DEF4715BFC /* Pods-EngineerTinder.debug.xcconfig */,
				29B349B496BFD45CB76BB87F /* Pods-EngineerTinder.release.xcconfig */,
			);
			path = Pods;
			sourceTree = "<group>";
		};
		0DD5CD82244BEC21380F78F1 /* Frameworks */ = {
			isa = PBXGroup;
			children = (
				7D2FD9C745251590C8011652 /* Pods_EngineerTinder.framework */,
			);
			name = Frameworks;
			sourceTree = "<group>";
		};
		883016D226DFBC1D001D73A7 /* LogIn */ = {
			isa = PBXGroup;
			children = (
				883016D326DFBC39001D73A7 /* LogInTextField.swift */,
				883016D526DFBC4F001D73A7 /* LogInTitleLabel.swift */,
				883016D726DFBC66001D73A7 /* LogInButton.swift */,
			);
			path = LogIn;
			sourceTree = "<group>";
		};
		883016DB26DFBFE0001D73A7 /* Extensions */ = {
			isa = PBXGroup;
			children = (
				883016D926DFBFDB001D73A7 /* UIColor-Extension.swift */,
				883016DC26DFC327001D73A7 /* UIView-Extension.swift */,
			);
			path = Extensions;
			sourceTree = "<group>";
		};
		883016DE26DFC3DE001D73A7 /* ViewController */ = {
			isa = PBXGroup;
			children = (
				883016D026DFBB06001D73A7 /* LogInViewController.swift */,
			);
			path = ViewController;
			sourceTree = "<group>";
		};
		8834739A26E10782003EC608 /* ViewModel */ = {
			isa = PBXGroup;
			children = (
				8834739B26E107F8003EC608 /* LogInViewModel.swift */,
			);
			path = ViewModel;
			sourceTree = "<group>";
		};
		8834739D26E11198003EC608 /* Home */ = {
			isa = PBXGroup;
			children = (
				8834739E26E111F3003EC608 /* File.swift */,
			);
			path = Home;
			sourceTree = "<group>";
		};
		8865E13B26DE8000006697BF = {
			isa = PBXGroup;
			children = (
				8834739D26E11198003EC608 /* Home */,
				8834739A26E10782003EC608 /* ViewModel */,
				883016DE26DFC3DE001D73A7 /* ViewController */,
				883016DB26DFBFE0001D73A7 /* Extensions */,
				883016D226DFBC1D001D73A7 /* LogIn */,
				8865E14626DE8000006697BF /* EngineerTinder */,
				8865E14526DE8000006697BF /* Products */,
				0CB93613F400FE07F55972D6 /* Pods */,
				0DD5CD82244BEC21380F78F1 /* Frameworks */,
			);
			sourceTree = "<group>";
		};
		8865E14526DE8000006697BF /* Products */ = {
			isa = PBXGroup;
			children = (
				8865E14426DE8000006697BF /* EngineerTinder.app */,
			);
			name = Products;
			sourceTree = "<group>";
		};
		8865E14626DE8000006697BF /* EngineerTinder */ = {
			isa = PBXGroup;
			children = (
				8865E14726DE8000006697BF /* AppDelegate.swift */,
				8865E14926DE8000006697BF /* SceneDelegate.swift */,
				8865E14B26DE8000006697BF /* ViewController.swift */,
				8865E14D26DE8000006697BF /* Main.storyboard */,
				8865E15026DE8001006697BF /* Assets.xcassets */,
				8865E15226DE8001006697BF /* LaunchScreen.storyboard */,
				8865E15526DE8001006697BF /* Info.plist */,
			);
			path = EngineerTinder;
			sourceTree = "<group>";
		};
/* End PBXGroup section */

/* Begin PBXNativeTarget section */
		8865E14326DE8000006697BF /* EngineerTinder */ = {
			isa = PBXNativeTarget;
			buildConfigurationList = 8865E15826DE8001006697BF /* Build configuration list for PBXNativeTarget "EngineerTinder" */;
			buildPhases = (
				CEC671A49B6B925020D6DCA5 /* [CP] Check Pods Manifest.lock */,
				8865E14026DE8000006697BF /* Sources */,
				8865E14126DE8000006697BF /* Frameworks */,
				8865E14226DE8000006697BF /* Resources */,
				D44F2CDFC0C6840FA66728E9 /* [CP] Embed Pods Frameworks */,
			);
			buildRules = (
			);
			dependencies = (
			);
			name = EngineerTinder;
			productName = EngineerTinder;
			productReference = 8865E14426DE8000006697BF /* EngineerTinder.app */;
			productType = "com.apple.product-type.application";
		};
/* End PBXNativeTarget section */

/* Begin PBXProject section */
		8865E13C26DE8000006697BF /* Project object */ = {
			isa = PBXProject;
			attributes = {
				LastSwiftUpdateCheck = 1250;
				LastUpgradeCheck = 1250;
				TargetAttributes = {
					8865E14326DE8000006697BF = {
						CreatedOnToolsVersion = 12.5.1;
					};
				};
			};
			buildConfigurationList = 8865E13F26DE8000006697BF /* Build configuration list for PBXProject "EngineerTinder" */;
			compatibilityVersion = "Xcode 9.3";
			developmentRegion = en;
			hasScannedForEncodings = 0;
			knownRegions = (
				en,
				Base,
			);
			mainGroup = 8865E13B26DE8000006697BF;
			productRefGroup = 8865E14526DE8000006697BF /* Products */;
			projectDirPath = "";
			projectRoot = "";
			targets = (
				8865E14326DE8000006697BF /* EngineerTinder */,
			);
		};
/* End PBXProject section */

/* Begin PBXResourcesBuildPhase section */
		8865E14226DE8000006697BF /* Resources */ = {
			isa = PBXResourcesBuildPhase;
			buildActionMask = 2147483647;
			files = (
				8865E15426DE8001006697BF /* LaunchScreen.storyboard in Resources */,
				8865E15126DE8001006697BF /* Assets.xcassets in Resources */,
				8865E14F26DE8000006697BF /* Main.storyboard in Resources */,
			);
			runOnlyForDeploymentPostprocessing = 0;
		};
/* End PBXResourcesBuildPhase section */

/* Begin PBXShellScriptBuildPhase section */
		CEC671A49B6B925020D6DCA5 /* [CP] Check Pods Manifest.lock */ = {
			isa = PBXShellScriptBuildPhase;
			buildActionMask = 2147483647;
			files = (
			);
			inputFileListPaths = (
			);
			inputPaths = (
				"${PODS_PODFILE_DIR_PATH}/Podfile.lock",
				"${PODS_ROOT}/Manifest.lock",
			);
			name = "[CP] Check Pods Manifest.lock";
			outputFileListPaths = (
			);
			outputPaths = (
				"$(DERIVED_FILE_DIR)/Pods-EngineerTinder-checkManifestLockResult.txt",
			);
			runOnlyForDeploymentPostprocessing = 0;
			shellPath = /bin/sh;
			shellScript = "diff \"${PODS_PODFILE_DIR_PATH}/Podfile.lock\" \"${PODS_ROOT}/Manifest.lock\" > /dev/null\nif [ $? != 0 ] ; then\n    # print error to STDERR\n    echo \"error: The sandbox is not in sync with the Podfile.lock. Run 'pod install' or update your CocoaPods installation.\" >&2\n    exit 1\nfi\n# This output is used by Xcode 'outputs' to avoid re-running this script phase.\necho \"SUCCESS\" > \"${SCRIPT_OUTPUT_FILE_0}\"\n";
			showEnvVarsInLog = 0;
		};
		D44F2CDFC0C6840FA66728E9 /* [CP] Embed Pods Frameworks */ = {
			isa = PBXShellScriptBuildPhase;
			buildActionMask = 2147483647;
			files = (
			);
			inputFileListPaths = (
				"${PODS_ROOT}/Target Support Files/Pods-EngineerTinder/Pods-EngineerTinder-frameworks-${CONFIGURATION}-input-files.xcfilelist",
			);
			name = "[CP] Embed Pods Frameworks";
			outputFileListPaths = (
				"${PODS_ROOT}/Target Support Files/Pods-EngineerTinder/Pods-EngineerTinder-frameworks-${CONFIGURATION}-output-files.xcfilelist",
			);
			runOnlyForDeploymentPostprocessing = 0;
			shellPath = /bin/sh;
			shellScript = "\"${PODS_ROOT}/Target Support Files/Pods-EngineerTinder/Pods-EngineerTinder-frameworks.sh\"\n";
			showEnvVarsInLog = 0;
		};
/* End PBXShellScriptBuildPhase section */

/* Begin PBXSourcesBuildPhase section */
		8865E14026DE8000006697BF /* Sources */ = {
			isa = PBXSourcesBuildPhase;
			buildActionMask = 2147483647;
			files = (
				883016D426DFBC39001D73A7 /* LogInTextField.swift in Sources */,
				883016DA26DFBFDB001D73A7 /* UIColor-Extension.swift in Sources */,
				8834739C26E107F8003EC608 /* LogInViewModel.swift in Sources */,
				883016DD26DFC327001D73A7 /* UIView-Extension.swift in Sources */,
				883016D826DFBC66001D73A7 /* LogInButton.swift in Sources */,
				8865E14C26DE8000006697BF /* ViewController.swift in Sources */,
				883016D626DFBC50001D73A7 /* LogInTitleLabel.swift in Sources */,
				883016D126DFBB06001D73A7 /* LogInViewController.swift in Sources */,
				8865E14826DE8000006697BF /* AppDelegate.swift in Sources */,
				8834739F26E111F3003EC608 /* File.swift in Sources */,
				8865E14A26DE8000006697BF /* SceneDelegate.swift in Sources */,
			);
			runOnlyForDeploymentPostprocessing = 0;
		};
/* End PBXSourcesBuildPhase section */

/* Begin PBXVariantGroup section */
		8865E14D26DE8000006697BF /* Main.storyboard */ = {
			isa = PBXVariantGroup;
			children = (
				8865E14E26DE8000006697BF /* Base */,
			);
			name = Main.storyboard;
			sourceTree = "<group>";
		};
		8865E15226DE8001006697BF /* LaunchScreen.storyboard */ = {
			isa = PBXVariantGroup;
			children = (
				8865E15326DE8001006697BF /* Base */,
			);
			name = LaunchScreen.storyboard;
			sourceTree = "<group>";
		};
/* End PBXVariantGroup section */

/* Begin XCBuildConfiguration section */
		8865E15626DE8001006697BF /* Debug */ = {
			isa = XCBuildConfiguration;
			buildSettings = {
				ALWAYS_SEARCH_USER_PATHS = NO;
				CLANG_ANALYZER_NONNULL = YES;
				CLANG_ANALYZER_NUMBER_OBJECT_CONVERSION = YES_AGGRESSIVE;
				CLANG_CXX_LANGUAGE_STANDARD = "gnu++14";
				CLANG_CXX_LIBRARY = "libc++";
				CLANG_ENABLE_MODULES = YES;
				CLANG_ENABLE_OBJC_ARC = YES;
				CLANG_ENABLE_OBJC_WEAK = YES;
				CLANG_WARN_BLOCK_CAPTURE_AUTORELEASING = YES;
				CLANG_WARN_BOOL_CONVERSION = YES;
				CLANG_WARN_COMMA = YES;
				CLANG_WARN_CONSTANT_CONVERSION = YES;
				CLANG_WARN_DEPRECATED_OBJC_IMPLEMENTATIONS = YES;
				CLANG_WARN_DIRECT_OBJC_ISA_USAGE = YES_ERROR;
				CLANG_WARN_DOCUMENTATION_COMMENTS = YES;
				CLANG_WARN_EMPTY_BODY = YES;
				CLANG_WARN_ENUM_CONVERSION = YES;
				CLANG_WARN_INFINITE_RECURSION = YES;
				CLANG_WARN_INT_CONVERSION = YES;
				CLANG_WARN_NON_LITERAL_NULL_CONVERSION = YES;
				CLANG_WARN_OBJC_IMPLICIT_RETAIN_SELF = YES;
				CLANG_WARN_OBJC_LITERAL_CONVERSION = YES;
				CLANG_WARN_OBJC_ROOT_CLASS = YES_ERROR;
				CLANG_WARN_QUOTED_INCLUDE_IN_FRAMEWORK_HEADER = YES;
				CLANG_WARN_RANGE_LOOP_ANALYSIS = YES;
				CLANG_WARN_STRICT_PROTOTYPES = YES;
				CLANG_WARN_SUSPICIOUS_MOVE = YES;
				CLANG_WARN_UNGUARDED_AVAILABILITY = YES_AGGRESSIVE;
				CLANG_WARN_UNREACHABLE_CODE = YES;
				CLANG_WARN__DUPLICATE_METHOD_MATCH = YES;
				COPY_PHASE_STRIP = NO;
				DEBUG_INFORMATION_FORMAT = dwarf;
				ENABLE_STRICT_OBJC_MSGSEND = YES;
				ENABLE_TESTABILITY = YES;
				GCC_C_LANGUAGE_STANDARD = gnu11;
				GCC_DYNAMIC_NO_PIC = NO;
				GCC_NO_COMMON_BLOCKS = YES;
				GCC_OPTIMIZATION_LEVEL = 0;
				GCC_PREPROCESSOR_DEFINITIONS = (
					"DEBUG=1",
					"$(inherited)",
				);
				GCC_WARN_64_TO_32_BIT_CONVERSION = YES;
				GCC_WARN_ABOUT_RETURN_TYPE = YES_ERROR;
				GCC_WARN_UNDECLARED_SELECTOR = YES;
				GCC_WARN_UNINITIALIZED_AUTOS = YES_AGGRESSIVE;
				GCC_WARN_UNUSED_FUNCTION = YES;
				GCC_WARN_UNUSED_VARIABLE = YES;
				IPHONEOS_DEPLOYMENT_TARGET = 14.5;
				MTL_ENABLE_DEBUG_INFO = INCLUDE_SOURCE;
				MTL_FAST_MATH = YES;
				ONLY_ACTIVE_ARCH = YES;
				SDKROOT = iphoneos;
				SWIFT_ACTIVE_COMPILATION_CONDITIONS = DEBUG;
				SWIFT_OPTIMIZATION_LEVEL = "-Onone";
			};
			name = Debug;
		};
		8865E15726DE8001006697BF /* Release */ = {
			isa = XCBuildConfiguration;
			buildSettings = {
				ALWAYS_SEARCH_USER_PATHS = NO;
				CLANG_ANALYZER_NONNULL = YES;
				CLANG_ANALYZER_NUMBER_OBJECT_CONVERSION = YES_AGGRESSIVE;
				CLANG_CXX_LANGUAGE_STANDARD = "gnu++14";
				CLANG_CXX_LIBRARY = "libc++";
				CLANG_ENABLE_MODULES = YES;
				CLANG_ENABLE_OBJC_ARC = YES;
				CLANG_ENABLE_OBJC_WEAK = YES;
				CLANG_WARN_BLOCK_CAPTURE_AUTORELEASING = YES;
				CLANG_WARN_BOOL_CONVERSION = YES;
				CLANG_WARN_COMMA = YES;
				CLANG_WARN_CONSTANT_CONVERSION = YES;
				CLANG_WARN_DEPRECATED_OBJC_IMPLEMENTATIONS = YES;
				CLANG_WARN_DIRECT_OBJC_ISA_USAGE = YES_ERROR;
				CLANG_WARN_DOCUMENTATION_COMMENTS = YES;
				CLANG_WARN_EMPTY_BODY = YES;
				CLANG_WARN_ENUM_CONVERSION = YES;
				CLANG_WARN_INFINITE_RECURSION = YES;
				CLANG_WARN_INT_CONVERSION = YES;
				CLANG_WARN_NON_LITERAL_NULL_CONVERSION = YES;
				CLANG_WARN_OBJC_IMPLICIT_RETAIN_SELF = YES;
				CLANG_WARN_OBJC_LITERAL_CONVERSION = YES;
				CLANG_WARN_OBJC_ROOT_CLASS = YES_ERROR;
				CLANG_WARN_QUOTED_INCLUDE_IN_FRAMEWORK_HEADER = YES;
				CLANG_WARN_RANGE_LOOP_ANALYSIS = YES;
				CLANG_WARN_STRICT_PROTOTYPES = YES;
				CLANG_WARN_SUSPICIOUS_MOVE = YES;
				CLANG_WARN_UNGUARDED_AVAILABILITY = YES_AGGRESSIVE;
				CLANG_WARN_UNREACHABLE_CODE = YES;
				CLANG_WARN__DUPLICATE_METHOD_MATCH = YES;
				COPY_PHASE_STRIP = NO;
				DEBUG_INFORMATION_FORMAT = "dwarf-with-dsym";
				ENABLE_NS_ASSERTIONS = NO;
				ENABLE_STRICT_OBJC_MSGSEND = YES;
				GCC_C_LANGUAGE_STANDARD = gnu11;
				GCC_NO_COMMON_BLOCKS = YES;
				GCC_WARN_64_TO_32_BIT_CONVERSION = YES;
				GCC_WARN_ABOUT_RETURN_TYPE = YES_ERROR;
				GCC_WARN_UNDECLARED_SELECTOR = YES;
				GCC_WARN_UNINITIALIZED_AUTOS = YES_AGGRESSIVE;
				GCC_WARN_UNUSED_FUNCTION = YES;
				GCC_WARN_UNUSED_VARIABLE = YES;
				IPHONEOS_DEPLOYMENT_TARGET = 14.5;
				MTL_ENABLE_DEBUG_INFO = NO;
				MTL_FAST_MATH = YES;
				SDKROOT = iphoneos;
				SWIFT_COMPILATION_MODE = wholemodule;
				SWIFT_OPTIMIZATION_LEVEL = "-O";
				VALIDATE_PRODUCT = YES;
			};
			name = Release;
		};
		8865E15926DE8001006697BF /* Debug */ = {
			isa = XCBuildConfiguration;
			baseConfigurationReference = CB96FE2BF0C765DEF4715BFC /* Pods-EngineerTinder.debug.xcconfig */;
			buildSettings = {
				ASSETCATALOG_COMPILER_APPICON_NAME = AppIcon;
				ASSETCATALOG_COMPILER_GLOBAL_ACCENT_COLOR_NAME = AccentColor;
				CODE_SIGN_STYLE = Automatic;
				INFOPLIST_FILE = EngineerTinder/Info.plist;
				LD_RUNPATH_SEARCH_PATHS = (
					"$(inherited)",
					"@executable_path/Frameworks",
				);
				PRODUCT_BUNDLE_IDENTIFIER = net.tsumugi.EngineerTinder;
				PRODUCT_NAME = "$(TARGET_NAME)";
				SWIFT_VERSION = 5.0;
				TARGETED_DEVICE_FAMILY = "1,2";
			};
			name = Debug;
		};
		8865E15A26DE8001006697BF /* Release */ = {
			isa = XCBuildConfiguration;
			baseConfigurationReference = 29B349B496BFD45CB76BB87F /* Pods-EngineerTinder.release.xcconfig */;
			buildSettings = {
				ASSETCATALOG_COMPILER_APPICON_NAME = AppIcon;
				ASSETCATALOG_COMPILER_GLOBAL_ACCENT_COLOR_NAME = AccentColor;
				CODE_SIGN_STYLE = Automatic;
				INFOPLIST_FILE = EngineerTinder/Info.plist;
				LD_RUNPATH_SEARCH_PATHS = (
					"$(inherited)",
					"@executable_path/Frameworks",
				);
				PRODUCT_BUNDLE_IDENTIFIER = net.tsumugi.EngineerTinder;
				PRODUCT_NAME = "$(TARGET_NAME)";
				SWIFT_VERSION = 5.0;
				TARGETED_DEVICE_FAMILY = "1,2";
			};
			name = Release;
		};
/* End XCBuildConfiguration section */

/* Begin XCConfigurationList section */
		8865E13F26DE8000006697BF /* Build configuration list for PBXProject "EngineerTinder" */ = {
			isa = XCConfigurationList;
			buildConfigurations = (
				8865E15626DE8001006697BF /* Debug */,
				8865E15726DE8001006697BF /* Release */,
			);
			defaultConfigurationIsVisible = 0;
			defaultConfigurationName = Release;
		};
		8865E15826DE8001006697BF /* Build configuration list for PBXNativeTarget "EngineerTinder" */ = {
			isa = XCConfigurationList;
			buildConfigurations = (
				8865E15926DE8001006697BF /* Debug */,
				8865E15A26DE8001006697BF /* Release */,
			);
			defaultConfigurationIsVisible = 0;
			defaultConfigurationName = Release;
		};
/* End XCConfigurationList section */
	};
	rootObject = 8865E13C26DE8000006697BF /* Project object */;
}
